
Microsoft Visual Studio Solution File, Format Version 12.00
# Visual Studio 15
VisualStudioVersion = 15.0.28307.1300
MinimumVisualStudioVersion = 10.0.40219.1
Project("{FAE04EC0-301F-11D3-BF4B-00C04F79EFBC}") = "CraneVideoDisplay", "CraneVideoDisplay\CraneVideoDisplay.csproj", "{7DDD55F8-F33B-4BD5-92EE-40AF1A131198}"
EndProject
Global
	GlobalSection(SolutionConfigurationPlatforms) = preSolution
		Debug|Any CPU = Debug|Any CPU
		Release|Any CPU = Release|Any CPU
	EndGlobalSection
	GlobalSection(ProjectConfigurationPlatforms) = postSolution
		{7DDD55F8-F33B-4BD5-92EE-40AF1A131198}.Debug|Any CPU.ActiveCfg = Debug|Any CPU
		{7DDD55F8-F33B-4BD5-92EE-40AF1A131198}.Debug|Any CPU.Build.0 = Debug|Any CPU
		{7DDD55F8-F33B-4BD5-92EE-40AF1A131198}.Release|Any CPU.ActiveCfg = Release|Any CPU
		{7DDD55F8-F33B-4BD5-92EE-40AF1A131198}.Release|Any CPU.Build.0 = Release|Any CPU
	EndGlobalSection
	GlobalSection(SolutionProperties) = preSolution
		HideSolutionNode = FALSE
	EndGlobalSection
	GlobalSection(ExtensibilityGlobals) = postSolution
		SolutionGuid = {04C13ECA-9210-4F98-A485-12DFB09A8B7D}
	EndGlobalSection
EndGlobal
